// !$*UTF8*$!
{
	archiveVersion = 1;
	classes = {
	};
	objectVersion = 56;
	objects = {

/* Begin PBXBuildFile section */
		2C504F622BE1DBCB00BFCFF2 /* AppDelegate.swift in Sources */ = {isa = PBXBuildFile; fileRef = 2C504F612BE1DBCB00BFCFF2 /* AppDelegate.swift */; };
		2C504F642BE1DBCB00BFCFF2 /* SceneDelegate.swift in Sources */ = {isa = PBXBuildFile; fileRef = 2C504F632BE1DBCB00BFCFF2 /* SceneDelegate.swift */; };
		2C504F662BE1DBCB00BFCFF2 /* ViewController.swift in Sources */ = {isa = PBXBuildFile; fileRef = 2C504F652BE1DBCB00BFCFF2 /* ViewController.swift */; };
		2C504F692BE1DBCB00BFCFF2 /* Main.storyboard in Resources */ = {isa = PBXBuildFile; fileRef = 2C504F672BE1DBCB00BFCFF2 /* Main.storyboard */; };
		2C504F6B2BE1DBCC00BFCFF2 /* Assets.xcassets in Resources */ = {isa = PBXBuildFile; fileRef = 2C504F6A2BE1DBCC00BFCFF2 /* Assets.xcassets */; };
		2C504F6E2BE1DBCC00BFCFF2 /* LaunchScreen.storyboard in Resources */ = {isa = PBXBuildFile; fileRef = 2C504F6C2BE1DBCC00BFCFF2 /* LaunchScreen.storyboard */; };
		2C504F772BE1DC1400BFCFF2 /* ProfileViewController.swift in Sources */ = {isa = PBXBuildFile; fileRef = 2C504F762BE1DC1400BFCFF2 /* ProfileViewController.swift */; };
		2C504F792BE1DC1C00BFCFF2 /* TabViewController.swift in Sources */ = {isa = PBXBuildFile; fileRef = 2C504F782BE1DC1C00BFCFF2 /* TabViewController.swift */; };
		2C504F7B2BE1DC2400BFCFF2 /* SavedViewController.swift in Sources */ = {isa = PBXBuildFile; fileRef = 2C504F7A2BE1DC2400BFCFF2 /* SavedViewController.swift */; };
		2C504F802BE1DC5400BFCFF2 /* UIColor+Extension.swift in Sources */ = {isa = PBXBuildFile; fileRef = 2C504F7F2BE1DC5400BFCFF2 /* UIColor+Extension.swift */; };
		2C504F832BE1DC7100BFCFF2 /* Post.swift in Sources */ = {isa = PBXBuildFile; fileRef = 2C504F822BE1DC7100BFCFF2 /* Post.swift */; };
		2C504F852BE1DC8100BFCFF2 /* CollectionViewCell.swift in Sources */ = {isa = PBXBuildFile; fileRef = 2C504F842BE1DC8100BFCFF2 /* CollectionViewCell.swift */; };
		2C504F872BE1DC9100BFCFF2 /* HorizontalCollectionViewCell.swift in Sources */ = {isa = PBXBuildFile; fileRef = 2C504F862BE1DC9100BFCFF2 /* HorizontalCollectionViewCell.swift */; };
		2C504F892BE2D6D100BFCFF2 /* Profile_Post.swift in Sources */ = {isa = PBXBuildFile; fileRef = 2C504F882BE2D6D100BFCFF2 /* Profile_Post.swift */; };
		2C504F8B2BE3159E00BFCFF2 /* ProfileCollectionViewCell.swift in Sources */ = {isa = PBXBuildFile; fileRef = 2C504F8A2BE3159E00BFCFF2 /* ProfileCollectionViewCell.swift */; };
		2C504F8D2BE316B800BFCFF2 /* ProfilePostsViewController.swift in Sources */ = {isa = PBXBuildFile; fileRef = 2C504F8C2BE316B800BFCFF2 /* ProfilePostsViewController.swift */; };
		2C6864E42BE4899700552DB0 /* Calendar.swift in Sources */ = {isa = PBXBuildFile; fileRef = 2C6864E32BE4899700552DB0 /* Calendar.swift */; };
		2C6864E62BE489CE00552DB0 /* CalendarCollectionViewCell.swift in Sources */ = {isa = PBXBuildFile; fileRef = 2C6864E52BE489CE00552DB0 /* CalendarCollectionViewCell.swift */; };
		443A997E2BE3286000999D2C /* SavedCollectionViewCell.swift in Sources */ = {isa = PBXBuildFile; fileRef = 443A997D2BE3286000999D2C /* SavedCollectionViewCell.swift */; };
		443A99802BE32B5D00999D2C /* Nom.swift in Sources */ = {isa = PBXBuildFile; fileRef = 443A997F2BE32B5D00999D2C /* Nom.swift */; };
		448315612BE477C100E9410E /* PlanViewController.swift in Sources */ = {isa = PBXBuildFile; fileRef = 448315602BE477C100E9410E /* PlanViewController.swift */; };
/* End PBXBuildFile section */

/* Begin PBXFileReference section */
		2C504F5E2BE1DBCB00BFCFF2 /* noms.app */ = {isa = PBXFileReference; explicitFileType = wrapper.application; includeInIndex = 0; path = noms.app; sourceTree = BUILT_PRODUCTS_DIR; };
		2C504F612BE1DBCB00BFCFF2 /* AppDelegate.swift */ = {isa = PBXFileReference; lastKnownFileType = sourcecode.swift; path = AppDelegate.swift; sourceTree = "<group>"; };
		2C504F632BE1DBCB00BFCFF2 /* SceneDelegate.swift */ = {isa = PBXFileReference; lastKnownFileType = sourcecode.swift; path = SceneDelegate.swift; sourceTree = "<group>"; };
		2C504F652BE1DBCB00BFCFF2 /* ViewController.swift */ = {isa = PBXFileReference; lastKnownFileType = sourcecode.swift; path = ViewController.swift; sourceTree = "<group>"; };
		2C504F682BE1DBCB00BFCFF2 /* Base */ = {isa = PBXFileReference; lastKnownFileType = file.storyboard; name = Base; path = Base.lproj/Main.storyboard; sourceTree = "<group>"; };
		2C504F6A2BE1DBCC00BFCFF2 /* Assets.xcassets */ = {isa = PBXFileReference; lastKnownFileType = folder.assetcatalog; path = Assets.xcassets; sourceTree = "<group>"; };
		2C504F6D2BE1DBCC00BFCFF2 /* Base */ = {isa = PBXFileReference; lastKnownFileType = file.storyboard; name = Base; path = Base.lproj/LaunchScreen.storyboard; sourceTree = "<group>"; };
		2C504F6F2BE1DBCC00BFCFF2 /* Info.plist */ = {isa = PBXFileReference; lastKnownFileType = text.plist.xml; path = Info.plist; sourceTree = "<group>"; };
		2C504F762BE1DC1400BFCFF2 /* ProfileViewController.swift */ = {isa = PBXFileReference; lastKnownFileType = sourcecode.swift; path = ProfileViewController.swift; sourceTree = "<group>"; };
		2C504F782BE1DC1C00BFCFF2 /* TabViewController.swift */ = {isa = PBXFileReference; lastKnownFileType = sourcecode.swift; path = TabViewController.swift; sourceTree = "<group>"; };
		2C504F7A2BE1DC2400BFCFF2 /* SavedViewController.swift */ = {isa = PBXFileReference; lastKnownFileType = sourcecode.swift; path = SavedViewController.swift; sourceTree = "<group>"; };
		2C504F7F2BE1DC5400BFCFF2 /* UIColor+Extension.swift */ = {isa = PBXFileReference; lastKnownFileType = sourcecode.swift; path = "UIColor+Extension.swift"; sourceTree = "<group>"; };
		2C504F822BE1DC7100BFCFF2 /* Post.swift */ = {isa = PBXFileReference; lastKnownFileType = sourcecode.swift; path = Post.swift; sourceTree = "<group>"; };
		2C504F842BE1DC8100BFCFF2 /* CollectionViewCell.swift */ = {isa = PBXFileReference; lastKnownFileType = sourcecode.swift; path = CollectionViewCell.swift; sourceTree = "<group>"; };
		2C504F862BE1DC9100BFCFF2 /* HorizontalCollectionViewCell.swift */ = {isa = PBXFileReference; lastKnownFileType = sourcecode.swift; path = HorizontalCollectionViewCell.swift; sourceTree = "<group>"; };
		2C504F882BE2D6D100BFCFF2 /* Profile_Post.swift */ = {isa = PBXFileReference; lastKnownFileType = sourcecode.swift; path = Profile_Post.swift; sourceTree = "<group>"; };
		2C504F8A2BE3159E00BFCFF2 /* ProfileCollectionViewCell.swift */ = {isa = PBXFileReference; lastKnownFileType = sourcecode.swift; path = ProfileCollectionViewCell.swift; sourceTree = "<group>"; };
		2C504F8C2BE316B800BFCFF2 /* ProfilePostsViewController.swift */ = {isa = PBXFileReference; lastKnownFileType = sourcecode.swift; path = ProfilePostsViewController.swift; sourceTree = "<group>"; };
		2C6864E32BE4899700552DB0 /* Calendar.swift */ = {isa = PBXFileReference; lastKnownFileType = sourcecode.swift; path = Calendar.swift; sourceTree = "<group>"; };
		2C6864E52BE489CE00552DB0 /* CalendarCollectionViewCell.swift */ = {isa = PBXFileReference; lastKnownFileType = sourcecode.swift; path = CalendarCollectionViewCell.swift; sourceTree = "<group>"; };
		443A997D2BE3286000999D2C /* SavedCollectionViewCell.swift */ = {isa = PBXFileReference; lastKnownFileType = sourcecode.swift; path = SavedCollectionViewCell.swift; sourceTree = "<group>"; };
		443A997F2BE32B5D00999D2C /* Nom.swift */ = {isa = PBXFileReference; lastKnownFileType = sourcecode.swift; path = Nom.swift; sourceTree = "<group>"; };
		448315602BE477C100E9410E /* PlanViewController.swift */ = {isa = PBXFileReference; lastKnownFileType = sourcecode.swift; path = PlanViewController.swift; sourceTree = "<group>"; };
/* End PBXFileReference section */

/* Begin PBXFrameworksBuildPhase section */
		2C504F5B2BE1DBCB00BFCFF2 /* Frameworks */ = {
			isa = PBXFrameworksBuildPhase;
			buildActionMask = 2147483647;
			files = (
			);
			runOnlyForDeploymentPostprocessing = 0;
		};
/* End PBXFrameworksBuildPhase section */

/* Begin PBXGroup section */
		2C504F552BE1DBCB00BFCFF2 = {
			isa = PBXGroup;
			children = (
				2C504F602BE1DBCB00BFCFF2 /* noms */,
				2C504F5F2BE1DBCB00BFCFF2 /* Products */,
			);
			sourceTree = "<group>";
		};
		2C504F5F2BE1DBCB00BFCFF2 /* Products */ = {
			isa = PBXGroup;
			children = (
				2C504F5E2BE1DBCB00BFCFF2 /* noms.app */,
			);
			name = Products;
			sourceTree = "<group>";
		};
		2C504F602BE1DBCB00BFCFF2 /* noms */ = {
			isa = PBXGroup;
			children = (
				2C504F612BE1DBCB00BFCFF2 /* AppDelegate.swift */,
				2C504F632BE1DBCB00BFCFF2 /* SceneDelegate.swift */,
				2C504F752BE1DC0000BFCFF2 /* Controllers */,
				2C504F7C2BE1DC3F00BFCFF2 /* Extensions */,
				2C504F812BE1DC6300BFCFF2 /* Models */,
				2C504F842BE1DC8100BFCFF2 /* CollectionViewCell.swift */,
				2C504F862BE1DC9100BFCFF2 /* HorizontalCollectionViewCell.swift */,
				2C504F8A2BE3159E00BFCFF2 /* ProfileCollectionViewCell.swift */,
				443A997D2BE3286000999D2C /* SavedCollectionViewCell.swift */,
				2C504F672BE1DBCB00BFCFF2 /* Main.storyboard */,
				2C504F6A2BE1DBCC00BFCFF2 /* Assets.xcassets */,
				2C504F6C2BE1DBCC00BFCFF2 /* LaunchScreen.storyboard */,
				2C504F6F2BE1DBCC00BFCFF2 /* Info.plist */,
				2C6864E52BE489CE00552DB0 /* CalendarCollectionViewCell.swift */,
			);
			path = noms;
			sourceTree = "<group>";
		};
		2C504F752BE1DC0000BFCFF2 /* Controllers */ = {
			isa = PBXGroup;
			children = (
				2C504F652BE1DBCB00BFCFF2 /* ViewController.swift */,
				2C504F762BE1DC1400BFCFF2 /* ProfileViewController.swift */,
				2C504F782BE1DC1C00BFCFF2 /* TabViewController.swift */,
				2C504F7A2BE1DC2400BFCFF2 /* SavedViewController.swift */,
				2C504F8C2BE316B800BFCFF2 /* ProfilePostsViewController.swift */,
				448315602BE477C100E9410E /* PlanViewController.swift */,
			);
			path = Controllers;
			sourceTree = "<group>";
		};
		2C504F7C2BE1DC3F00BFCFF2 /* Extensions */ = {
			isa = PBXGroup;
			children = (
				2C504F7F2BE1DC5400BFCFF2 /* UIColor+Extension.swift */,
			);
			path = Extensions;
			sourceTree = "<group>";
		};
		2C504F812BE1DC6300BFCFF2 /* Models */ = {
			isa = PBXGroup;
			children = (
				2C504F822BE1DC7100BFCFF2 /* Post.swift */,
				2C504F882BE2D6D100BFCFF2 /* Profile_Post.swift */,
				443A997F2BE32B5D00999D2C /* Nom.swift */,
				2C6864E32BE4899700552DB0 /* Calendar.swift */,
			);
			path = Models;
			sourceTree = "<group>";
		};
/* End PBXGroup section */

/* Begin PBXNativeTarget section */
		2C504F5D2BE1DBCB00BFCFF2 /* noms */ = {
			isa = PBXNativeTarget;
			buildConfigurationList = 2C504F722BE1DBCC00BFCFF2 /* Build configuration list for PBXNativeTarget "noms" */;
			buildPhases = (
				2C504F5A2BE1DBCB00BFCFF2 /* Sources */,
				2C504F5B2BE1DBCB00BFCFF2 /* Frameworks */,
				2C504F5C2BE1DBCB00BFCFF2 /* Resources */,
			);
			buildRules = (
			);
			dependencies = (
			);
			name = noms;
			productName = noms;
			productReference = 2C504F5E2BE1DBCB00BFCFF2 /* noms.app */;
			productType = "com.apple.product-type.application";
		};
/* End PBXNativeTarget section */

/* Begin PBXProject section */
		2C504F562BE1DBCB00BFCFF2 /* Project object */ = {
			isa = PBXProject;
			attributes = {
				BuildIndependentTargetsInParallel = 1;
				LastSwiftUpdateCheck = 1430;
				LastUpgradeCheck = 1430;
				TargetAttributes = {
					2C504F5D2BE1DBCB00BFCFF2 = {
						CreatedOnToolsVersion = 14.3.1;
					};
				};
			};
			buildConfigurationList = 2C504F592BE1DBCB00BFCFF2 /* Build configuration list for PBXProject "noms" */;
			compatibilityVersion = "Xcode 14.0";
			developmentRegion = en;
			hasScannedForEncodings = 0;
			knownRegions = (
				en,
				Base,
			);
			mainGroup = 2C504F552BE1DBCB00BFCFF2;
			productRefGroup = 2C504F5F2BE1DBCB00BFCFF2 /* Products */;
			projectDirPath = "";
			projectRoot = "";
			targets = (
				2C504F5D2BE1DBCB00BFCFF2 /* noms */,
			);
		};
/* End PBXProject section */

/* Begin PBXResourcesBuildPhase section */
		2C504F5C2BE1DBCB00BFCFF2 /* Resources */ = {
			isa = PBXResourcesBuildPhase;
			buildActionMask = 2147483647;
			files = (
				2C504F6E2BE1DBCC00BFCFF2 /* LaunchScreen.storyboard in Resources */,
				2C504F6B2BE1DBCC00BFCFF2 /* Assets.xcassets in Resources */,
				2C504F692BE1DBCB00BFCFF2 /* Main.storyboard in Resources */,
			);
			runOnlyForDeploymentPostprocessing = 0;
		};
/* End PBXResourcesBuildPhase section */

/* Begin PBXSourcesBuildPhase section */
		2C504F5A2BE1DBCB00BFCFF2 /* Sources */ = {
			isa = PBXSourcesBuildPhase;
			buildActionMask = 2147483647;
			files = (
				2C504F872BE1DC9100BFCFF2 /* HorizontalCollectionViewCell.swift in Sources */,
				443A99802BE32B5D00999D2C /* Nom.swift in Sources */,
				2C504F802BE1DC5400BFCFF2 /* UIColor+Extension.swift in Sources */,
				443A997E2BE3286000999D2C /* SavedCollectionViewCell.swift in Sources */,
				2C504F7B2BE1DC2400BFCFF2 /* SavedViewController.swift in Sources */,
				2C504F852BE1DC8100BFCFF2 /* CollectionViewCell.swift in Sources */,
				2C6864E62BE489CE00552DB0 /* CalendarCollectionViewCell.swift in Sources */,
				2C504F892BE2D6D100BFCFF2 /* Profile_Post.swift in Sources */,
				2C504F662BE1DBCB00BFCFF2 /* ViewController.swift in Sources */,
				2C504F832BE1DC7100BFCFF2 /* Post.swift in Sources */,
				2C504F622BE1DBCB00BFCFF2 /* AppDelegate.swift in Sources */,
				2C504F772BE1DC1400BFCFF2 /* ProfileViewController.swift in Sources */,
				2C504F792BE1DC1C00BFCFF2 /* TabViewController.swift in Sources */,
				2C504F8B2BE3159E00BFCFF2 /* ProfileCollectionViewCell.swift in Sources */,
				448315612BE477C100E9410E /* PlanViewController.swift in Sources */,
				2C6864E42BE4899700552DB0 /* Calendar.swift in Sources */,
				2C504F642BE1DBCB00BFCFF2 /* SceneDelegate.swift in Sources */,
				2C504F8D2BE316B800BFCFF2 /* ProfilePostsViewController.swift in Sources */,
			);
			runOnlyForDeploymentPostprocessing = 0;
		};
/* End PBXSourcesBuildPhase section */

/* Begin PBXVariantGroup section */
		2C504F672BE1DBCB00BFCFF2 /* Main.storyboard */ = {
			isa = PBXVariantGroup;
			children = (
				2C504F682BE1DBCB00BFCFF2 /* Base */,
			);
			name = Main.storyboard;
			sourceTree = "<group>";
		};
		2C504F6C2BE1DBCC00BFCFF2 /* LaunchScreen.storyboard */ = {
			isa = PBXVariantGroup;
			children = (
				2C504F6D2BE1DBCC00BFCFF2 /* Base */,
			);
			name = LaunchScreen.storyboard;
			sourceTree = "<group>";
		};
/* End PBXVariantGroup section */

/* Begin XCBuildConfiguration section */
		2C504F702BE1DBCC00BFCFF2 /* Debug */ = {
			isa = XCBuildConfiguration;
			buildSettings = {
				ALWAYS_SEARCH_USER_PATHS = NO;
				CLANG_ANALYZER_NONNULL = YES;
				CLANG_ANALYZER_NUMBER_OBJECT_CONVERSION = YES_AGGRESSIVE;
				CLANG_CXX_LANGUAGE_STANDARD = "gnu++20";
				CLANG_ENABLE_MODULES = YES;
				CLANG_ENABLE_OBJC_ARC = YES;
				CLANG_ENABLE_OBJC_WEAK = YES;
				CLANG_WARN_BLOCK_CAPTURE_AUTORELEASING = YES;
				CLANG_WARN_BOOL_CONVERSION = YES;
				CLANG_WARN_COMMA = YES;
				CLANG_WARN_CONSTANT_CONVERSION = YES;
				CLANG_WARN_DEPRECATED_OBJC_IMPLEMENTATIONS = YES;
				CLANG_WARN_DIRECT_OBJC_ISA_USAGE = YES_ERROR;
				CLANG_WARN_DOCUMENTATION_COMMENTS = YES;
				CLANG_WARN_EMPTY_BODY = YES;
				CLANG_WARN_ENUM_CONVERSION = YES;
				CLANG_WARN_INFINITE_RECURSION = YES;
				CLANG_WARN_INT_CONVERSION = YES;
				CLANG_WARN_NON_LITERAL_NULL_CONVERSION = YES;
				CLANG_WARN_OBJC_IMPLICIT_RETAIN_SELF = YES;
				CLANG_WARN_OBJC_LITERAL_CONVERSION = YES;
				CLANG_WARN_OBJC_ROOT_CLASS = YES_ERROR;
				CLANG_WARN_QUOTED_INCLUDE_IN_FRAMEWORK_HEADER = YES;
				CLANG_WARN_RANGE_LOOP_ANALYSIS = YES;
				CLANG_WARN_STRICT_PROTOTYPES = YES;
				CLANG_WARN_SUSPICIOUS_MOVE = YES;
				CLANG_WARN_UNGUARDED_AVAILABILITY = YES_AGGRESSIVE;
				CLANG_WARN_UNREACHABLE_CODE = YES;
				CLANG_WARN__DUPLICATE_METHOD_MATCH = YES;
				COPY_PHASE_STRIP = NO;
				DEBUG_INFORMATION_FORMAT = dwarf;
				ENABLE_STRICT_OBJC_MSGSEND = YES;
				ENABLE_TESTABILITY = YES;
				GCC_C_LANGUAGE_STANDARD = gnu11;
				GCC_DYNAMIC_NO_PIC = NO;
				GCC_NO_COMMON_BLOCKS = YES;
				GCC_OPTIMIZATION_LEVEL = 0;
				GCC_PREPROCESSOR_DEFINITIONS = (
					"DEBUG=1",
					"$(inherited)",
				);
				GCC_WARN_64_TO_32_BIT_CONVERSION = YES;
				GCC_WARN_ABOUT_RETURN_TYPE = YES_ERROR;
				GCC_WARN_UNDECLARED_SELECTOR = YES;
				GCC_WARN_UNINITIALIZED_AUTOS = YES_AGGRESSIVE;
				GCC_WARN_UNUSED_FUNCTION = YES;
				GCC_WARN_UNUSED_VARIABLE = YES;
				IPHONEOS_DEPLOYMENT_TARGET = 16.4;
				MTL_ENABLE_DEBUG_INFO = INCLUDE_SOURCE;
				MTL_FAST_MATH = YES;
				ONLY_ACTIVE_ARCH = YES;
				SDKROOT = iphoneos;
				SWIFT_ACTIVE_COMPILATION_CONDITIONS = DEBUG;
				SWIFT_OPTIMIZATION_LEVEL = "-Onone";
			};
			name = Debug;
		};
		2C504F712BE1DBCC00BFCFF2 /* Release */ = {
			isa = XCBuildConfiguration;
			buildSettings = {
				ALWAYS_SEARCH_USER_PATHS = NO;
				CLANG_ANALYZER_NONNULL = YES;
				CLANG_ANALYZER_NUMBER_OBJECT_CONVERSION = YES_AGGRESSIVE;
				CLANG_CXX_LANGUAGE_STANDARD = "gnu++20";
				CLANG_ENABLE_MODULES = YES;
				CLANG_ENABLE_OBJC_ARC = YES;
				CLANG_ENABLE_OBJC_WEAK = YES;
				CLANG_WARN_BLOCK_CAPTURE_AUTORELEASING = YES;
				CLANG_WARN_BOOL_CONVERSION = YES;
				CLANG_WARN_COMMA = YES;
				CLANG_WARN_CONSTANT_CONVERSION = YES;
				CLANG_WARN_DEPRECATED_OBJC_IMPLEMENTATIONS = YES;
				CLANG_WARN_DIRECT_OBJC_ISA_USAGE = YES_ERROR;
				CLANG_WARN_DOCUMENTATION_COMMENTS = YES;
				CLANG_WARN_EMPTY_BODY = YES;
				CLANG_WARN_ENUM_CONVERSION = YES;
				CLANG_WARN_INFINITE_RECURSION = YES;
				CLANG_WARN_INT_CONVERSION = YES;
				CLANG_WARN_NON_LITERAL_NULL_CONVERSION = YES;
				CLANG_WARN_OBJC_IMPLICIT_RETAIN_SELF = YES;
				CLANG_WARN_OBJC_LITERAL_CONVERSION = YES;
				CLANG_WARN_OBJC_ROOT_CLASS = YES_ERROR;
				CLANG_WARN_QUOTED_INCLUDE_IN_FRAMEWORK_HEADER = YES;
				CLANG_WARN_RANGE_LOOP_ANALYSIS = YES;
				CLANG_WARN_STRICT_PROTOTYPES = YES;
				CLANG_WARN_SUSPICIOUS_MOVE = YES;
				CLANG_WARN_UNGUARDED_AVAILABILITY = YES_AGGRESSIVE;
				CLANG_WARN_UNREACHABLE_CODE = YES;
				CLANG_WARN__DUPLICATE_METHOD_MATCH = YES;
				COPY_PHASE_STRIP = NO;
				DEBUG_INFORMATION_FORMAT = "dwarf-with-dsym";
				ENABLE_NS_ASSERTIONS = NO;
				ENABLE_STRICT_OBJC_MSGSEND = YES;
				GCC_C_LANGUAGE_STANDARD = gnu11;
				GCC_NO_COMMON_BLOCKS = YES;
				GCC_WARN_64_TO_32_BIT_CONVERSION = YES;
				GCC_WARN_ABOUT_RETURN_TYPE = YES_ERROR;
				GCC_WARN_UNDECLARED_SELECTOR = YES;
				GCC_WARN_UNINITIALIZED_AUTOS = YES_AGGRESSIVE;
				GCC_WARN_UNUSED_FUNCTION = YES;
				GCC_WARN_UNUSED_VARIABLE = YES;
				IPHONEOS_DEPLOYMENT_TARGET = 16.4;
				MTL_ENABLE_DEBUG_INFO = NO;
				MTL_FAST_MATH = YES;
				SDKROOT = iphoneos;
				SWIFT_COMPILATION_MODE = wholemodule;
				SWIFT_OPTIMIZATION_LEVEL = "-O";
				VALIDATE_PRODUCT = YES;
			};
			name = Release;
		};
		2C504F732BE1DBCC00BFCFF2 /* Debug */ = {
			isa = XCBuildConfiguration;
			buildSettings = {
				ASSETCATALOG_COMPILER_APPICON_NAME = AppIcon;
				ASSETCATALOG_COMPILER_GLOBAL_ACCENT_COLOR_NAME = AccentColor;
				CODE_SIGN_STYLE = Automatic;
				CURRENT_PROJECT_VERSION = 1;
				GENERATE_INFOPLIST_FILE = YES;
				INFOPLIST_FILE = noms/Info.plist;
				INFOPLIST_KEY_UIApplicationSupportsIndirectInputEvents = YES;
				INFOPLIST_KEY_UILaunchStoryboardName = LaunchScreen;
				INFOPLIST_KEY_UIMainStoryboardFile = Main;
				INFOPLIST_KEY_UISupportedInterfaceOrientations_iPad = "UIInterfaceOrientationPortrait UIInterfaceOrientationPortraitUpsideDown UIInterfaceOrientationLandscapeLeft UIInterfaceOrientationLandscapeRight";
				INFOPLIST_KEY_UISupportedInterfaceOrientations_iPhone = "UIInterfaceOrientationPortrait UIInterfaceOrientationLandscapeLeft UIInterfaceOrientationLandscapeRight";
				LD_RUNPATH_SEARCH_PATHS = (
					"$(inherited)",
					"@executable_path/Frameworks",
				);
				MARKETING_VERSION = 1.0;
				PRODUCT_BUNDLE_IDENTIFIER = "angelinaa-chen.noms";
				PRODUCT_NAME = "$(TARGET_NAME)";
				SWIFT_EMIT_LOC_STRINGS = YES;
				SWIFT_VERSION = 5.0;
				TARGETED_DEVICE_FAMILY = "1,2";
			};
			name = Debug;
		};
		2C504F742BE1DBCC00BFCFF2 /* Release */ = {
			isa = XCBuildConfiguration;
			buildSettings = {
				ASSETCATALOG_COMPILER_APPICON_NAME = AppIcon;
				ASSETCATALOG_COMPILER_GLOBAL_ACCENT_COLOR_NAME = AccentColor;
				CODE_SIGN_STYLE = Automatic;
				CURRENT_PROJECT_VERSION = 1;
				GENERATE_INFOPLIST_FILE = YES;
				INFOPLIST_FILE = noms/Info.plist;
				INFOPLIST_KEY_UIApplicationSupportsIndirectInputEvents = YES;
				INFOPLIST_KEY_UILaunchStoryboardName = LaunchScreen;
				INFOPLIST_KEY_UIMainStoryboardFile = Main;
				INFOPLIST_KEY_UISupportedInterfaceOrientations_iPad = "UIInterfaceOrientationPortrait UIInterfaceOrientationPortraitUpsideDown UIInterfaceOrientationLandscapeLeft UIInterfaceOrientationLandscapeRight";
				INFOPLIST_KEY_UISupportedInterfaceOrientations_iPhone = "UIInterfaceOrientationPortrait UIInterfaceOrientationLandscapeLeft UIInterfaceOrientationLandscapeRight";
				LD_RUNPATH_SEARCH_PATHS = (
					"$(inherited)",
					"@executable_path/Frameworks",
				);
				MARKETING_VERSION = 1.0;
				PRODUCT_BUNDLE_IDENTIFIER = "angelinaa-chen.noms";
				PRODUCT_NAME = "$(TARGET_NAME)";
				SWIFT_EMIT_LOC_STRINGS = YES;
				SWIFT_VERSION = 5.0;
				TARGETED_DEVICE_FAMILY = "1,2";
			};
			name = Release;
		};
/* End XCBuildConfiguration section */

/* Begin XCConfigurationList section */
		2C504F592BE1DBCB00BFCFF2 /* Build configuration list for PBXProject "noms" */ = {
			isa = XCConfigurationList;
			buildConfigurations = (
				2C504F702BE1DBCC00BFCFF2 /* Debug */,
				2C504F712BE1DBCC00BFCFF2 /* Release */,
			);
			defaultConfigurationIsVisible = 0;
			defaultConfigurationName = Release;
		};
		2C504F722BE1DBCC00BFCFF2 /* Build configuration list for PBXNativeTarget "noms" */ = {
			isa = XCConfigurationList;
			buildConfigurations = (
				2C504F732BE1DBCC00BFCFF2 /* Debug */,
				2C504F742BE1DBCC00BFCFF2 /* Release */,
			);
			defaultConfigurationIsVisible = 0;
			defaultConfigurationName = Release;
		};
/* End XCConfigurationList section */
	};
	rootObject = 2C504F562BE1DBCB00BFCFF2 /* Project object */;
}
